
Microsoft Visual Studio Solution File, Format Version 12.00
# Visual Studio Version 16
VisualStudioVersion = 16.0.29306.81
MinimumVisualStudioVersion = 10.0.40219.1
Project("{8BC9CEB8-8B4A-11D0-8D11-00A0C91BC942}") = "OCTOBER 1 NOTES", "OCTOBER 1 NOTES\OCTOBER 1 NOTES.vcxproj", "{5EB3F687-0EC0-4415-A279-B8E42314AADC}"
EndProject
Global
	GlobalSection(SolutionConfigurationPlatforms) = preSolution
		Debug|x64 = Debug|x64
		Debug|x86 = Debug|x86
		Release|x64 = Release|x64
		Release|x86 = Release|x86
	EndGlobalSection
	GlobalSection(ProjectConfigurationPlatforms) = postSolution
		{5EB3F687-0EC0-4415-A279-B8E42314AADC}.Debug|x64.ActiveCfg = Debug|x64
		{5EB3F687-0EC0-4415-A279-B8E42314AADC}.Debug|x64.Build.0 = Debug|x64
		{5EB3F687-0EC0-4415-A279-B8E42314AADC}.Debug|x86.ActiveCfg = Debug|Win32
		{5EB3F687-0EC0-4415-A279-B8E42314AADC}.Debug|x86.Build.0 = Debug|Win32
		{5EB3F687-0EC0-4415-A279-B8E42314AADC}.Release|x64.ActiveCfg = Release|x64
		{5EB3F687-0EC0-4415-A279-B8E42314AADC}.Release|x64.Build.0 = Release|x64
		{5EB3F687-0EC0-4415-A279-B8E42314AADC}.Release|x86.ActiveCfg = Release|Win32
		{5EB3F687-0EC0-4415-A279-B8E42314AADC}.Release|x86.Build.0 = Release|Win32
	EndGlobalSection
	GlobalSection(SolutionProperties) = preSolution
		HideSolutionNode = FALSE
	EndGlobalSection
	GlobalSection(ExtensibilityGlobals) = postSolution
		SolutionGuid = {447FF7BD-DFDE-4F47-98EA-561E6F38FC1F}
	EndGlobalSection
EndGlobal
